{
  "requires": true,
  "lockfileVersion": 1,
  "dependencies": {
    "babel-plugin-add-header-comment": {
      "version": "1.0.3",
      "resolved": "https://registry.npmjs.org/babel-plugin-add-header-comment/-/babel-plugin-add-header-comment-1.0.3.tgz",
      "integrity": "sha1-URxJAQYmQNWkgLSsPt1pRBlYUOw="
    },
    "cordova-plugin-fcm": {
      "version": "2.1.2",
      "resolved": "https://registry.npmjs.org/cordova-plugin-fcm/-/cordova-plugin-fcm-2.1.2.tgz",
      "integrity": "sha1-Xy98EsFlVtIdMCHn062J4hWCV0c="
    },
    "install": {
      "version": "0.8.9",
      "resolved": "https://registry.npmjs.org/install/-/install-0.8.9.tgz",
      "integrity": "sha1-n0tcDRhR74cunfheT3Fi1OXc2+0="
    },
    "phonegap-plugin-push": {
      "version": "git+https://github.com/phonegap/phonegap-plugin-push.git#7bde3b47d9941e2a0c9e4eeac91e70451ce4048d",
      "requires": {
        "babel-plugin-add-header-comment": "1.0.3",
        "install": "0.8.9"
      }
    }
  }
}
